
Microsoft Visual Studio Solution File, Format Version 12.00
# Visual Studio Version 16
VisualStudioVersion = 16.0.30413.136
MinimumVisualStudioVersion = 10.0.40219.1
Project("{FAE04EC0-301F-11D3-BF4B-00C04F79EFBC}") = "ContosoUniversity", "ContosoUniversity\ContosoUniversity.csproj", "{A3053D6A-B687-417D-83A9-FE225FE2A63C}"
EndProject
Global
	GlobalSection(SolutionConfigurationPlatforms) = preSolution
		Debug|Any CPU = Debug|Any CPU
		Release|Any CPU = Release|Any CPU
	EndGlobalSection
	GlobalSection(ProjectConfigurationPlatforms) = postSolution
		{A3053D6A-B687-417D-83A9-FE225FE2A63C}.Debug|Any CPU.ActiveCfg = Debug|Any CPU
		{A3053D6A-B687-417D-83A9-FE225FE2A63C}.Debug|Any CPU.Build.0 = Debug|Any CPU
		{A3053D6A-B687-417D-83A9-FE225FE2A63C}.Release|Any CPU.ActiveCfg = Release|Any CPU
		{A3053D6A-B687-417D-83A9-FE225FE2A63C}.Release|Any CPU.Build.0 = Release|Any CPU
	EndGlobalSection
	GlobalSection(SolutionProperties) = preSolution
		HideSolutionNode = FALSE
	EndGlobalSection
	GlobalSection(ExtensibilityGlobals) = postSolution
		SolutionGuid = {52FC6434-A408-407A-A713-868F58DCCB46}
	EndGlobalSection
EndGlobal
